
Microsoft Visual Studio Solution File, Format Version 12.00
# Visual Studio Version 17
VisualStudioVersion = 17.7.34018.315
MinimumVisualStudioVersion = 10.0.40219.1
Project("{FAE04EC0-301F-11D3-BF4B-00C04F79EFBC}") = "Assisgnment_11", "Assisgnment_11\Assisgnment_11.csproj", "{F1FFA9AF-7ADC-4BB5-9429-E35F48D538CB}"
EndProject
Global
	GlobalSection(SolutionConfigurationPlatforms) = preSolution
		Debug|Any CPU = Debug|Any CPU
		Release|Any CPU = Release|Any CPU
	EndGlobalSection
	GlobalSection(ProjectConfigurationPlatforms) = postSolution
		{F1FFA9AF-7ADC-4BB5-9429-E35F48D538CB}.Debug|Any CPU.ActiveCfg = Debug|Any CPU
		{F1FFA9AF-7ADC-4BB5-9429-E35F48D538CB}.Debug|Any CPU.Build.0 = Debug|Any CPU
		{F1FFA9AF-7ADC-4BB5-9429-E35F48D538CB}.Release|Any CPU.ActiveCfg = Release|Any CPU
		{F1FFA9AF-7ADC-4BB5-9429-E35F48D538CB}.Release|Any CPU.Build.0 = Release|Any CPU
	EndGlobalSection
	GlobalSection(SolutionProperties) = preSolution
		HideSolutionNode = FALSE
	EndGlobalSection
	GlobalSection(ExtensibilityGlobals) = postSolution
		SolutionGuid = {87728A18-4F7E-4695-9184-65E0386A38C7}
	EndGlobalSection
EndGlobal
